// !$*UTF8*$!
{
	archiveVersion = 1;
	classes = {
	};
	objectVersion = 46;
	objects = {

/* Begin PBXBuildFile section */
		EB720FC21C82089500075959 /* AppDelegate.swift in Sources */ = {isa = PBXBuildFile; fileRef = EB720FC11C82089500075959 /* AppDelegate.swift */; };
		EB720FC41C82089500075959 /* ViewController.swift in Sources */ = {isa = PBXBuildFile; fileRef = EB720FC31C82089500075959 /* ViewController.swift */; };
		EB720FC71C82089500075959 /* Main.storyboard in Resources */ = {isa = PBXBuildFile; fileRef = EB720FC51C82089500075959 /* Main.storyboard */; };
		EB720FC91C82089500075959 /* Assets.xcassets in Resources */ = {isa = PBXBuildFile; fileRef = EB720FC81C82089500075959 /* Assets.xcassets */; };
		EB720FCC1C82089500075959 /* LaunchScreen.storyboard in Resources */ = {isa = PBXBuildFile; fileRef = EB720FCA1C82089500075959 /* LaunchScreen.storyboard */; };
/* End PBXBuildFile section */

/* Begin PBXFileReference section */
		EB720FBE1C82089500075959 /* DrinkFreeiOS.app */ = {isa = PBXFileReference; explicitFileType = wrapper.application; includeInIndex = 0; path = DrinkFreeiOS.app; sourceTree = BUILT_PRODUCTS_DIR; };
		EB720FC11C82089500075959 /* AppDelegate.swift */ = {isa = PBXFileReference; lastKnownFileType = sourcecode.swift; path = AppDelegate.swift; sourceTree = "<group>"; };
		EB720FC31C82089500075959 /* ViewController.swift */ = {isa = PBXFileReference; lastKnownFileType = sourcecode.swift; path = ViewController.swift; sourceTree = "<group>"; };
		EB720FC61C82089500075959 /* Base */ = {isa = PBXFileReference; lastKnownFileType = file.storyboard; name = Base; path = Base.lproj/Main.storyboard; sourceTree = "<group>"; };
		EB720FC81C82089500075959 /* Assets.xcassets */ = {isa = PBXFileReference; lastKnownFileType = folder.assetcatalog; path = Assets.xcassets; sourceTree = "<group>"; };
		EB720FCB1C82089500075959 /* Base */ = {isa = PBXFileReference; lastKnownFileType = file.storyboard; name = Base; path = Base.lproj/LaunchScreen.storyboard; sourceTree = "<group>"; };
		EB720FCD1C82089500075959 /* Info.plist */ = {isa = PBXFileReference; lastKnownFileType = text.plist.xml; path = Info.plist; sourceTree = "<group>"; };
/* End PBXFileReference section */

/* Begin PBXFrameworksBuildPhase section */
		EB720FBB1C82089500075959 /* Frameworks */ = {
			isa = PBXFrameworksBuildPhase;
			buildActionMask = 2147483647;
			files = (
			);
			runOnlyForDeploymentPostprocessing = 0;
		};
/* End PBXFrameworksBuildPhase section */

/* Begin PBXGroup section */
		EB720FB51C82089500075959 = {
			isa = PBXGroup;
			children = (
				EB720FC01C82089500075959 /* DrinkFreeiOS */,
				EB720FBF1C82089500075959 /* Products */,
			);
			sourceTree = "<group>";
		};
		EB720FBF1C82089500075959 /* Products */ = {
			isa = PBXGroup;
			children = (
				EB720FBE1C82089500075959 /* DrinkFreeiOS.app */,
			);
			name = Products;
			sourceTree = "<group>";
		};
		EB720FC01C82089500075959 /* DrinkFreeiOS */ = {
			isa = PBXGroup;
			children = (
				EB720FC11C82089500075959 /* AppDelegate.swift */,
				EB720FC31C82089500075959 /* ViewController.swift */,
				EB720FC51C82089500075959 /* Main.storyboard */,
				EB720FC81C82089500075959 /* Assets.xcassets */,
				EB720FCA1C82089500075959 /* LaunchScreen.storyboard */,
				EB720FCD1C82089500075959 /* Info.plist */,
			);
			path = DrinkFreeiOS;
			sourceTree = "<group>";
		};
/* End PBXGroup section */

/* Begin PBXNativeTarget section */
		EB720FBD1C82089500075959 /* DrinkFreeiOS */ = {
			isa = PBXNativeTarget;
			buildConfigurationList = EB720FD01C82089500075959 /* Build configuration list for PBXNativeTarget "DrinkFreeiOS" */;
			buildPhases = (
				EB720FBA1C82089500075959 /* Sources */,
				EB720FBB1C82089500075959 /* Frameworks */,
				EB720FBC1C82089500075959 /* Resources */,
			);
			buildRules = (
			);
			dependencies = (
			);
			name = DrinkFreeiOS;
			productName = DrinkFreeiOS;
			productReference = EB720FBE1C82089500075959 /* DrinkFreeiOS.app */;
			productType = "com.apple.product-type.application";
		};
/* End PBXNativeTarget section */

/* Begin PBXProject section */
		EB720FB61C82089500075959 /* Project object */ = {
			isa = PBXProject;
			attributes = {
				LastSwiftUpdateCheck = 0720;
				LastUpgradeCheck = 0720;
				ORGANIZATIONNAME = NovusApp;
				TargetAttributes = {
					EB720FBD1C82089500075959 = {
						CreatedOnToolsVersion = 7.2;
					};
				};
			};
			buildConfigurationList = EB720FB91C82089500075959 /* Build configuration list for PBXProject "DrinkFreeiOS" */;
			compatibilityVersion = "Xcode 3.2";
			developmentRegion = English;
			hasScannedForEncodings = 0;
			knownRegions = (
				en,
				Base,
			);
			mainGroup = EB720FB51C82089500075959;
			productRefGroup = EB720FBF1C82089500075959 /* Products */;
			projectDirPath = "";
			projectRoot = "";
			targets = (
				EB720FBD1C82089500075959 /* DrinkFreeiOS */,
			);
		};
/* End PBXProject section */

/* Begin PBXResourcesBuildPhase section */
		EB720FBC1C82089500075959 /* Resources */ = {
			isa = PBXResourcesBuildPhase;
			buildActionMask = 2147483647;
			files = (
				EB720FCC1C82089500075959 /* LaunchScreen.storyboard in Resources */,
				EB720FC91C82089500075959 /* Assets.xcassets in Resources */,
				EB720FC71C82089500075959 /* Main.storyboard in Resources */,
			);
			runOnlyForDeploymentPostprocessing = 0;
		};
/* End PBXResourcesBuildPhase section */

/* Begin PBXSourcesBuildPhase section */
		EB720FBA1C82089500075959 /* Sources */ = {
			isa = PBXSourcesBuildPhase;
			buildActionMask = 2147483647;
			files = (
				EB720FC41C82089500075959 /* ViewController.swift in Sources */,
				EB720FC21C82089500075959 /* AppDelegate.swift in Sources */,
			);
			runOnlyForDeploymentPostprocessing = 0;
		};
/* End PBXSourcesBuildPhase section */

/* Begin PBXVariantGroup section */
		EB720FC51C82089500075959 /* Main.storyboard */ = {
			isa = PBXVariantGroup;
			children = (
				EB720FC61C82089500075959 /* Base */,
			);
			name = Main.storyboard;
			sourceTree = "<group>";
		};
		EB720FCA1C82089500075959 /* LaunchScreen.storyboard */ = {
			isa = PBXVariantGroup;
			children = (
				EB720FCB1C82089500075959 /* Base */,
			);
			name = LaunchScreen.storyboard;
			sourceTree = "<group>";
		};
/* End PBXVariantGroup section */

/* Begin XCBuildConfiguration section */
		EB720FCE1C82089500075959 /* Debug */ = {
			isa = XCBuildConfiguration;
			buildSettings = {
				ALWAYS_SEARCH_USER_PATHS = NO;
				CLANG_CXX_LANGUAGE_STANDARD = "gnu++0x";
				CLANG_CXX_LIBRARY = "libc++";
				CLANG_ENABLE_MODULES = YES;
				CLANG_ENABLE_OBJC_ARC = YES;
				CLANG_WARN_BOOL_CONVERSION = YES;
				CLANG_WARN_CONSTANT_CONVERSION = YES;
				CLANG_WARN_DIRECT_OBJC_ISA_USAGE = YES_ERROR;
				CLANG_WARN_EMPTY_BODY = YES;
				CLANG_WARN_ENUM_CONVERSION = YES;
				CLANG_WARN_INT_CONVERSION = YES;
				CLANG_WARN_OBJC_ROOT_CLASS = YES_ERROR;
				CLANG_WARN_UNREACHABLE_CODE = YES;
				CLANG_WARN__DUPLICATE_METHOD_MATCH = YES;
				"CODE_SIGN_IDENTITY[sdk=iphoneos*]" = "iPhone Developer";
				COPY_PHASE_STRIP = NO;
				DEBUG_INFORMATION_FORMAT = dwarf;
				ENABLE_STRICT_OBJC_MSGSEND = YES;
				ENABLE_TESTABILITY = YES;
				GCC_C_LANGUAGE_STANDARD = gnu99;
				GCC_DYNAMIC_NO_PIC = NO;
				GCC_NO_COMMON_BLOCKS = YES;
				GCC_OPTIMIZATION_LEVEL = 0;
				GCC_PREPROCESSOR_DEFINITIONS = (
					"DEBUG=1",
					"$(inherited)",
				);
				GCC_WARN_64_TO_32_BIT_CONVERSION = YES;
				GCC_WARN_ABOUT_RETURN_TYPE = YES_ERROR;
				GCC_WARN_UNDECLARED_SELECTOR = YES;
				GCC_WARN_UNINITIALIZED_AUTOS = YES_AGGRESSIVE;
				GCC_WARN_UNUSED_FUNCTION = YES;
				GCC_WARN_UNUSED_VARIABLE = YES;
				IPHONEOS_DEPLOYMENT_TARGET = 9.2;
				MTL_ENABLE_DEBUG_INFO = YES;
				ONLY_ACTIVE_ARCH = YES;
				SDKROOT = iphoneos;
				SWIFT_OPTIMIZATION_LEVEL = "-Onone";
			};
			name = Debug;
		};
		EB720FCF1C82089500075959 /* Release */ = {
			isa = XCBuildConfiguration;
			buildSettings = {
				ALWAYS_SEARCH_USER_PATHS = NO;
				CLANG_CXX_LANGUAGE_STANDARD = "gnu++0x";
				CLANG_CXX_LIBRARY = "libc++";
				CLANG_ENABLE_MODULES = YES;
				CLANG_ENABLE_OBJC_ARC = YES;
				CLANG_WARN_BOOL_CONVERSION = YES;
				CLANG_WARN_CONSTANT_CONVERSION = YES;
				CLANG_WARN_DIRECT_OBJC_ISA_USAGE = YES_ERROR;
				CLANG_WARN_EMPTY_BODY = YES;
				CLANG_WARN_ENUM_CONVERSION = YES;
				CLANG_WARN_INT_CONVERSION = YES;
				CLANG_WARN_OBJC_ROOT_CLASS = YES_ERROR;
				CLANG_WARN_UNREACHABLE_CODE = YES;
				CLANG_WARN__DUPLICATE_METHOD_MATCH = YES;
				"CODE_SIGN_IDENTITY[sdk=iphoneos*]" = "iPhone Developer";
				COPY_PHASE_STRIP = NO;
				DEBUG_INFORMATION_FORMAT = "dwarf-with-dsym";
				ENABLE_NS_ASSERTIONS = NO;
				ENABLE_STRICT_OBJC_MSGSEND = YES;
				GCC_C_LANGUAGE_STANDARD = gnu99;
				GCC_NO_COMMON_BLOCKS = YES;
				GCC_WARN_64_TO_32_BIT_CONVERSION = YES;
				GCC_WARN_ABOUT_RETURN_TYPE = YES_ERROR;
				GCC_WARN_UNDECLARED_SELECTOR = YES;
				GCC_WARN_UNINITIALIZED_AUTOS = YES_AGGRESSIVE;
				GCC_WARN_UNUSED_FUNCTION = YES;
				GCC_WARN_UNUSED_VARIABLE = YES;
				IPHONEOS_DEPLOYMENT_TARGET = 9.2;
				MTL_ENABLE_DEBUG_INFO = NO;
				SDKROOT = iphoneos;
				VALIDATE_PRODUCT = YES;
			};
			name = Release;
		};
		EB720FD11C82089500075959 /* Debug */ = {
			isa = XCBuildConfiguration;
			buildSettings = {
				ASSETCATALOG_COMPILER_APPICON_NAME = AppIcon;
				INFOPLIST_FILE = DrinkFreeiOS/Info.plist;
				LD_RUNPATH_SEARCH_PATHS = "$(inherited) @executable_path/Frameworks";
				PRODUCT_BUNDLE_IDENTIFIER = izhang.codeschool.DrinkFreeiOS;
				PRODUCT_NAME = "$(TARGET_NAME)";
			};
			name = Debug;
		};
		EB720FD21C82089500075959 /* Release */ = {
			isa = XCBuildConfiguration;
			buildSettings = {
				ASSETCATALOG_COMPILER_APPICON_NAME = AppIcon;
				INFOPLIST_FILE = DrinkFreeiOS/Info.plist;
				LD_RUNPATH_SEARCH_PATHS = "$(inherited) @executable_path/Frameworks";
				PRODUCT_BUNDLE_IDENTIFIER = izhang.codeschool.DrinkFreeiOS;
				PRODUCT_NAME = "$(TARGET_NAME)";
			};
			name = Release;
		};
/* End XCBuildConfiguration section */

/* Begin XCConfigurationList section */
		EB720FB91C82089500075959 /* Build configuration list for PBXProject "DrinkFreeiOS" */ = {
			isa = XCConfigurationList;
			buildConfigurations = (
				EB720FCE1C82089500075959 /* Debug */,
				EB720FCF1C82089500075959 /* Release */,
			);
			defaultConfigurationIsVisible = 0;
			defaultConfigurationName = Release;
		};
		EB720FD01C82089500075959 /* Build configuration list for PBXNativeTarget "DrinkFreeiOS" */ = {
			isa = XCConfigurationList;
			buildConfigurations = (
				EB720FD11C82089500075959 /* Debug */,
				EB720FD21C82089500075959 /* Release */,
			);
			defaultConfigurationIsVisible = 0;
		};
/* End XCConfigurationList section */
	};
	rootObject = EB720FB61C82089500075959 /* Project object */;
}
